
Microsoft Visual Studio Solution File, Format Version 11.00
# Visual Studio 2010
Project("{FAE04EC0-301F-11D3-BF4B-00C04F79EFBC}") = "PComboBox", "PComboBox\PComboBox.csproj", "{CA7FB4D4-7661-49BB-A7D9-CE4EE3D23EBA}"
EndProject
Global
	GlobalSection(SolutionConfigurationPlatforms) = preSolution
		Debug|x86 = Debug|x86
		Release|x86 = Release|x86
	EndGlobalSection
	GlobalSection(ProjectConfigurationPlatforms) = postSolution
		{CA7FB4D4-7661-49BB-A7D9-CE4EE3D23EBA}.Debug|x86.ActiveCfg = Debug|x86
		{CA7FB4D4-7661-49BB-A7D9-CE4EE3D23EBA}.Debug|x86.Build.0 = Debug|x86
		{CA7FB4D4-7661-49BB-A7D9-CE4EE3D23EBA}.Release|x86.ActiveCfg = Release|x86
		{CA7FB4D4-7661-49BB-A7D9-CE4EE3D23EBA}.Release|x86.Build.0 = Release|x86
	EndGlobalSection
	GlobalSection(MonoDevelopProperties) = preSolution
		StartupItem = PComboBox\PComboBox.csproj
	EndGlobalSection
EndGlobal
